# This file is autogenerated, do not edit; changes may be undone by the next 'dep ensure'.


[[projects]]
  name = "github.com/codegangsta/inject"
  packages = ["."]
  revision = "37d7f8432a3e684eef9b2edece76bdfa6ac85b39"
  version = "v1.0-rc1"

[[projects]]
  name = "github.com/codegangsta/martini"
  packages = ["."]
  revision = "49411a5b646861ad29a6ddd5351717a0a9c49b94"
  version = "v1.0"

[[projects]]
  name = "github.com/dgrijalva/jwt-go"
  packages = ["."]
  revision = "dbeaa9332f19a944acb5736b4456cfcc02140e29"
  version = "v3.1.0"

[[projects]]
  name = "github.com/julienschmidt/httprouter"
  packages = ["."]
  revision = "8c199fb6259ffc1af525cc3ad52ee60ba8359669"
  version = "v1.1"

[[projects]]
  branch = "master"
  name = "github.com/petar-prog91/showreel"
  packages = ["API/helpers","API/users_service/models"]
  revision = "684e64a82851e23bde2f56397685f32defb84f2b"

[solve-meta]
  analyzer-name = "dep"
  analyzer-version = 1
  inputs-digest = "28fdcd552225c0e5504b7cd79dcfccb9a5345d764119e7eea066988e7a2d4b86"
  solver-name = "gps-cdcl"
  solver-version = 1
