# This file is autogenerated, do not edit; changes may be undone by the next 'dep ensure'.


[[projects]]
  name = "github.com/astaxie/beego"
  packages = [".","config","context","context/param","grace","logs","orm","session","toolbox","utils"]
  revision = "d96289a81bf67728cff7a19b067aaecc65a62ec6"
  version = "v1.9.0"

[[projects]]
  name = "github.com/go-sql-driver/mysql"
  packages = ["."]
  revision = "a0583e0143b1624142adab07e0e97fe106d99561"
  version = "v1.3"

[[projects]]
  branch = "master"
  name = "golang.org/x/crypto"
  packages = ["bcrypt","blowfish"]
  revision = "81e90905daefcd6fd217b62423c0908922eadb30"

[solve-meta]
  analyzer-name = "dep"
  analyzer-version = 1
  inputs-digest = "c30f3d515893d5724f0a3a0af94b0632fe77303fa5bec3660e182196423230e4"
  solver-name = "gps-cdcl"
  solver-version = 1
